
Microsoft Visual Studio Solution File, Format Version 12.00
# Visual Studio Version 17
VisualStudioVersion = 17.6.33829.357
MinimumVisualStudioVersion = 10.0.40219.1
Project("{9A19103F-16F7-4668-BE54-9A1E7A4F7556}") = "RfmUtils", "RfmUtils\RfmUtils.csproj", "{A256C18C-6FC7-4675-ADB5-3367A536ED41}"
EndProject
Project("{9A19103F-16F7-4668-BE54-9A1E7A4F7556}") = "RfmOta", "..\RfmOta\RfmOta\RfmOta.csproj", "{AD91EB67-342E-431F-9D55-B8DEB3EB7A4A}"
EndProject
Global
	GlobalSection(SolutionConfigurationPlatforms) = preSolution
		Debug|Any CPU = Debug|Any CPU
		Release|Any CPU = Release|Any CPU
	EndGlobalSection
	GlobalSection(ProjectConfigurationPlatforms) = postSolution
		{A256C18C-6FC7-4675-ADB5-3367A536ED41}.Debug|Any CPU.ActiveCfg = Debug|Any CPU
		{A256C18C-6FC7-4675-ADB5-3367A536ED41}.Debug|Any CPU.Build.0 = Debug|Any CPU
		{A256C18C-6FC7-4675-ADB5-3367A536ED41}.Release|Any CPU.ActiveCfg = Release|Any CPU
		{A256C18C-6FC7-4675-ADB5-3367A536ED41}.Release|Any CPU.Build.0 = Release|Any CPU
		{AD91EB67-342E-431F-9D55-B8DEB3EB7A4A}.Debug|Any CPU.ActiveCfg = Debug|Any CPU
		{AD91EB67-342E-431F-9D55-B8DEB3EB7A4A}.Debug|Any CPU.Build.0 = Debug|Any CPU
		{AD91EB67-342E-431F-9D55-B8DEB3EB7A4A}.Release|Any CPU.ActiveCfg = Release|Any CPU
		{AD91EB67-342E-431F-9D55-B8DEB3EB7A4A}.Release|Any CPU.Build.0 = Release|Any CPU
	EndGlobalSection
	GlobalSection(SolutionProperties) = preSolution
		HideSolutionNode = FALSE
	EndGlobalSection
	GlobalSection(ExtensibilityGlobals) = postSolution
		SolutionGuid = {A43CEE5F-64DA-44FE-9419-DD86530CEF3F}
	EndGlobalSection
EndGlobal
